
Microsoft Visual Studio Solution File, Format Version 12.00
# Visual Studio 2012
Project("{FAE04EC0-301F-11D3-BF4B-00C04F79EFBC}") = "ice-lab-cs", "ice-lab-cs\ice-lab-cs.csproj", "{AAB24E8B-6ABB-47E7-B68B-7A219D4D786A}"
EndProject
Global
	GlobalSection(SolutionConfigurationPlatforms) = preSolution
		Debug|Any CPU = Debug|Any CPU
		Release|Any CPU = Release|Any CPU
	EndGlobalSection
	GlobalSection(ProjectConfigurationPlatforms) = postSolution
		{AAB24E8B-6ABB-47E7-B68B-7A219D4D786A}.Debug|Any CPU.ActiveCfg = Debug|Any CPU
		{AAB24E8B-6ABB-47E7-B68B-7A219D4D786A}.Debug|Any CPU.Build.0 = Debug|Any CPU
		{AAB24E8B-6ABB-47E7-B68B-7A219D4D786A}.Release|Any CPU.ActiveCfg = Release|Any CPU
		{AAB24E8B-6ABB-47E7-B68B-7A219D4D786A}.Release|Any CPU.Build.0 = Release|Any CPU
	EndGlobalSection
	GlobalSection(SolutionProperties) = preSolution
		HideSolutionNode = FALSE
	EndGlobalSection
EndGlobal
